<?xml version="1.0" encoding="utf-8"?>
<Project ToolsVersion="4.0" xmlns="http://schemas.microsoft.com/developer/msbuild/2003">
  <ItemGroup>
    <Filter Include="Resource Files">
      <UniqueIdentifier>{67DA6AB6-F800-4c08-8B7A-83BB121AAD01}</UniqueIdentifier>
      <Extensions>rc;ico;cur;bmp;dlg;rc2;rct;bin;rgs;gif;jpg;jpeg;jpe;resx;tiff;tif;png;wav;mfcribbon-ms</Extensions>
    </Filter>
    <Filter Include="base">
      <UniqueIdentifier>{39165ea4-4d4a-4bae-8588-f53a281454b2}</UniqueIdentifier>
    </Filter>
    <Filter Include="ctp">
      <UniqueIdentifier>{559cdbab-6775-41b7-b7b6-195fc55cee9d}</UniqueIdentifier>
    </Filter>
  </ItemGroup>
  <ItemGroup>
    <ClCompile Include="src\trader_base.cpp">
      <Filter>base</Filter>
    </ClCompile>
    <ClCompile Include="src\ctp\ctp_spi.cpp">
      <Filter>ctp</Filter>
    </ClCompile>
    <ClCompile Include="src\ctp\trader_ctp.cpp">
      <Filter>ctp</Filter>
    </ClCompile>
    <ClCompile Include="src\trade_server.cpp">
      <Filter>base</Filter>
    </ClCompile>
    <ClCompile Include="src\stdafx.cpp" />
    <ClCompile Include="src\datetime.cpp">
      <Filter>base</Filter>
    </ClCompile>
    <ClCompile Include="src\numset.cpp">
      <Filter>base</Filter>
    </ClCompile>
    <ClCompile Include="src\main.cpp" />
    <ClCompile Include="src\encoding.cpp">
      <Filter>base</Filter>
    </ClCompile>
    <ClCompile Include="src\config.cpp">
      <Filter>base</Filter>
    </ClCompile>
    <ClCompile Include="src\cpp_logger.cpp">
      <Filter>base</Filter>
    </ClCompile>
    <ClCompile Include="src\utility.cpp">
      <Filter>base</Filter>
    </ClCompile>
  </ItemGroup>
  <ItemGroup>
    <ClInclude Include="src\trader_base.h">
      <Filter>base</Filter>
    </ClInclude>
    <ClInclude Include="src\ctp\ctp_spi.h">
      <Filter>ctp</Filter>
    </ClInclude>
    <ClInclude Include="src\ctp\trader_ctp.h">
      <Filter>ctp</Filter>
    </ClInclude>
    <ClInclude Include="src\trade_server.h">
      <Filter>base</Filter>
    </ClInclude>
    <ClInclude Include="src\stdafx.h" />
    <ClInclude Include="src\datetime.h">
      <Filter>base</Filter>
    </ClInclude>
    <ClInclude Include="src\numset.h">
      <Filter>base</Filter>
    </ClInclude>
    <ClInclude Include="src\encoding.h">
      <Filter>base</Filter>
    </ClInclude>
    <ClInclude Include="src\ctp\ctp_define.h">
      <Filter>ctp</Filter>
    </ClInclude>
    <ClInclude Include="src\config.h">
      <Filter>base</Filter>
    </ClInclude>
    <ClInclude Include="src\rapid_serialize.h">
      <Filter>base</Filter>
    </ClInclude>
    <ClInclude Include="src\cpp_logger.h">
      <Filter>base</Filter>
    </ClInclude>
    <ClInclude Include="src\utility.h">
      <Filter>base</Filter>
    </ClInclude>
    <ClInclude Include="contrib\include\ctp\ThostFtdcTraderApi.h">
      <Filter>ctp</Filter>
    </ClInclude>
    <ClInclude Include="contrib\include\ctp\ThostFtdcUserApiDataType.h">
      <Filter>ctp</Filter>
    </ClInclude>
    <ClInclude Include="contrib\include\ctp\ThostFtdcUserApiStruct.h">
      <Filter>ctp</Filter>
    </ClInclude>
  </ItemGroup>
  <ItemGroup>
    <Text Include="doc\todo.txt" />
  </ItemGroup>
</Project>